
Microsoft Visual Studio Solution File, Format Version 12.00
# Visual Studio Version 16
VisualStudioVersion = 16.0.31702.278
MinimumVisualStudioVersion = 10.0.40219.1
Project("{FAE04EC0-301F-11D3-BF4B-00C04F79EFBC}") = "HangFireDemo", "HangFireDemo.csproj", "{81DDAA00-87D9-466E-A188-EF8E5074FF0B}"
EndProject
Global
	GlobalSection(SolutionConfigurationPlatforms) = preSolution
		Debug|Any CPU = Debug|Any CPU
		Release|Any CPU = Release|Any CPU
	EndGlobalSection
	GlobalSection(ProjectConfigurationPlatforms) = postSolution
		{81DDAA00-87D9-466E-A188-EF8E5074FF0B}.Debug|Any CPU.ActiveCfg = Debug|Any CPU
		{81DDAA00-87D9-466E-A188-EF8E5074FF0B}.Debug|Any CPU.Build.0 = Debug|Any CPU
		{81DDAA00-87D9-466E-A188-EF8E5074FF0B}.Release|Any CPU.ActiveCfg = Release|Any CPU
		{81DDAA00-87D9-466E-A188-EF8E5074FF0B}.Release|Any CPU.Build.0 = Release|Any CPU
	EndGlobalSection
	GlobalSection(SolutionProperties) = preSolution
		HideSolutionNode = FALSE
	EndGlobalSection
	GlobalSection(ExtensibilityGlobals) = postSolution
		SolutionGuid = {7BCB6A1A-8C69-44A3-9B05-E5789E92588D}
	EndGlobalSection
EndGlobal
